
Microsoft Visual Studio Solution File, Format Version 12.00
# Visual Studio Version 17
VisualStudioVersion = 17.14.36616.10
MinimumVisualStudioVersion = 10.0.40219.1
Project("{FAE04EC0-301F-11D3-BF4B-00C04F79EFBC}") = "DebtTracker.ConsoleApp", "Dolgi\DebtTracker.ConsoleApp.csproj", "{F9515F30-2914-4AAE-A860-AA4858264995}"
EndProject
Project("{FAE04EC0-301F-11D3-BF4B-00C04F79EFBC}") = "DebtTracker.Entities", "DebtTracker.Entities\DebtTracker.Entities.csproj", "{0B18A819-E6E5-47A1-8CDB-B0F8B598B571}"
EndProject
Project("{FAE04EC0-301F-11D3-BF4B-00C04F79EFBC}") = "DebtTracker.BusinessLogic", "DebtTracker.BusinessLogic\DebtTracker.BusinessLogic.csproj", "{8D950025-56E6-4EEA-A8D9-2E315A2A6C5D}"
EndProject
Project("{FAE04EC0-301F-11D3-BF4B-00C04F79EFBC}") = "DebtTracker.DataAccessLayer", "DebtTracker.DataAccessLayer\DebtTracker.DataAccessLayer.csproj", "{1B3C90F9-4773-43B7-98FE-D09D0DD1EAFB}"
EndProject
Project("{FAE04EC0-301F-11D3-BF4B-00C04F79EFBC}") = "DebtTracker.WUI", "DebtTracker.WUI\DebtTracker.WUI.csproj", "{2202E3C8-132F-431F-B453-D60B0D8FA29D}"
EndProject
Project("{FAE04EC0-301F-11D3-BF4B-00C04F79EFBC}") = "DebtTracker.Dto", "DebtTracker.Dto\DebtTracker.Dto.csproj", "{401D98DA-4780-4210-8834-5C0B878E9470}"
EndProject
Project("{FAE04EC0-301F-11D3-BF4B-00C04F79EFBC}") = "DebtTracker.Presentation.Contracts", "DebtTracker.Presentation.Contracts\DebtTracker.Presentation.Contracts.csproj", "{05D7B6F5-4C75-42D7-BA41-0D436DB9618A}"
EndProject
Project("{FAE04EC0-301F-11D3-BF4B-00C04F79EFBC}") = "DebtTracker.Presenter", "DebtTracker.Presenter\DebtTracker.Presenter.csproj", "{05235C85-9634-4311-B9DD-597D2637BEE8}"
EndProject
Global
	GlobalSection(SolutionConfigurationPlatforms) = preSolution
		Debug|Any CPU = Debug|Any CPU
		Release|Any CPU = Release|Any CPU
	EndGlobalSection
	GlobalSection(ProjectConfigurationPlatforms) = postSolution
		{F9515F30-2914-4AAE-A860-AA4858264995}.Debug|Any CPU.ActiveCfg = Debug|Any CPU
		{F9515F30-2914-4AAE-A860-AA4858264995}.Debug|Any CPU.Build.0 = Debug|Any CPU
		{F9515F30-2914-4AAE-A860-AA4858264995}.Release|Any CPU.ActiveCfg = Release|Any CPU
		{F9515F30-2914-4AAE-A860-AA4858264995}.Release|Any CPU.Build.0 = Release|Any CPU
		{0B18A819-E6E5-47A1-8CDB-B0F8B598B571}.Debug|Any CPU.ActiveCfg = Debug|Any CPU
		{0B18A819-E6E5-47A1-8CDB-B0F8B598B571}.Debug|Any CPU.Build.0 = Debug|Any CPU
		{0B18A819-E6E5-47A1-8CDB-B0F8B598B571}.Release|Any CPU.ActiveCfg = Release|Any CPU
		{0B18A819-E6E5-47A1-8CDB-B0F8B598B571}.Release|Any CPU.Build.0 = Release|Any CPU
		{8D950025-56E6-4EEA-A8D9-2E315A2A6C5D}.Debug|Any CPU.ActiveCfg = Debug|Any CPU
		{8D950025-56E6-4EEA-A8D9-2E315A2A6C5D}.Debug|Any CPU.Build.0 = Debug|Any CPU
		{8D950025-56E6-4EEA-A8D9-2E315A2A6C5D}.Release|Any CPU.ActiveCfg = Release|Any CPU
		{8D950025-56E6-4EEA-A8D9-2E315A2A6C5D}.Release|Any CPU.Build.0 = Release|Any CPU
		{1B3C90F9-4773-43B7-98FE-D09D0DD1EAFB}.Debug|Any CPU.ActiveCfg = Debug|Any CPU
		{1B3C90F9-4773-43B7-98FE-D09D0DD1EAFB}.Debug|Any CPU.Build.0 = Debug|Any CPU
		{1B3C90F9-4773-43B7-98FE-D09D0DD1EAFB}.Release|Any CPU.ActiveCfg = Release|Any CPU
		{1B3C90F9-4773-43B7-98FE-D09D0DD1EAFB}.Release|Any CPU.Build.0 = Release|Any CPU
		{2202E3C8-132F-431F-B453-D60B0D8FA29D}.Debug|Any CPU.ActiveCfg = Debug|Any CPU
		{2202E3C8-132F-431F-B453-D60B0D8FA29D}.Debug|Any CPU.Build.0 = Debug|Any CPU
		{2202E3C8-132F-431F-B453-D60B0D8FA29D}.Release|Any CPU.ActiveCfg = Release|Any CPU
		{2202E3C8-132F-431F-B453-D60B0D8FA29D}.Release|Any CPU.Build.0 = Release|Any CPU
		{401D98DA-4780-4210-8834-5C0B878E9470}.Debug|Any CPU.ActiveCfg = Debug|Any CPU
		{401D98DA-4780-4210-8834-5C0B878E9470}.Debug|Any CPU.Build.0 = Debug|Any CPU
		{401D98DA-4780-4210-8834-5C0B878E9470}.Release|Any CPU.ActiveCfg = Release|Any CPU
		{401D98DA-4780-4210-8834-5C0B878E9470}.Release|Any CPU.Build.0 = Release|Any CPU
		{05D7B6F5-4C75-42D7-BA41-0D436DB9618A}.Debug|Any CPU.ActiveCfg = Debug|Any CPU
		{05D7B6F5-4C75-42D7-BA41-0D436DB9618A}.Debug|Any CPU.Build.0 = Debug|Any CPU
		{05D7B6F5-4C75-42D7-BA41-0D436DB9618A}.Release|Any CPU.ActiveCfg = Release|Any CPU
		{05D7B6F5-4C75-42D7-BA41-0D436DB9618A}.Release|Any CPU.Build.0 = Release|Any CPU
		{05235C85-9634-4311-B9DD-597D2637BEE8}.Debug|Any CPU.ActiveCfg = Debug|Any CPU
		{05235C85-9634-4311-B9DD-597D2637BEE8}.Debug|Any CPU.Build.0 = Debug|Any CPU
		{05235C85-9634-4311-B9DD-597D2637BEE8}.Release|Any CPU.ActiveCfg = Release|Any CPU
		{05235C85-9634-4311-B9DD-597D2637BEE8}.Release|Any CPU.Build.0 = Release|Any CPU
	EndGlobalSection
	GlobalSection(SolutionProperties) = preSolution
		HideSolutionNode = FALSE
	EndGlobalSection
	GlobalSection(ExtensibilityGlobals) = postSolution
		SolutionGuid = {21E3398A-BA1A-4C2F-84D4-15716E76ADD2}
	EndGlobalSection
EndGlobal
